
Microsoft Visual Studio Solution File, Format Version 12.00
# Visual Studio 15
VisualStudioVersion = 15.0.27130.2027
MinimumVisualStudioVersion = 10.0.40219.1
Project("{FAE04EC0-301F-11D3-BF4B-00C04F79EFBC}") = "Zelda", "Zelda\Zelda.csproj", "{45536740-D346-4900-99AD-B419CDD546DE}"
EndProject
Global
	GlobalSection(SolutionConfigurationPlatforms) = preSolution
		Debug|Any CPU = Debug|Any CPU
		Release|Any CPU = Release|Any CPU
	EndGlobalSection
	GlobalSection(ProjectConfigurationPlatforms) = postSolution
		{45536740-D346-4900-99AD-B419CDD546DE}.Debug|Any CPU.ActiveCfg = Debug|Any CPU
		{45536740-D346-4900-99AD-B419CDD546DE}.Debug|Any CPU.Build.0 = Debug|Any CPU
		{45536740-D346-4900-99AD-B419CDD546DE}.Release|Any CPU.ActiveCfg = Release|Any CPU
		{45536740-D346-4900-99AD-B419CDD546DE}.Release|Any CPU.Build.0 = Release|Any CPU
	EndGlobalSection
	GlobalSection(SolutionProperties) = preSolution
		HideSolutionNode = FALSE
	EndGlobalSection
	GlobalSection(ExtensibilityGlobals) = postSolution
		SolutionGuid = {96F6B8D1-EC10-4A48-85A6-6AEDE7CF6E1E}
	EndGlobalSection
EndGlobal
